
Microsoft Visual Studio Solution File, Format Version 12.00
# Visual Studio Version 17
VisualStudioVersion = 17.3.32825.248
MinimumVisualStudioVersion = 10.0.40219.1
Project("{8BC9CEB8-8B4A-11D0-8D11-00A0C91BC942}") = "OpenTld.Net", "OpenTld.Net\OpenTld.Net.vcxproj", "{D0E28EB0-D56D-42F2-B2A5-5A3E3FC3968E}"
EndProject
Project("{2150E333-8FDC-42A3-9474-1A3956D46DE8}") = ".nuget", ".nuget", "{2CDDDCB2-0B83-4861-A88B-3BA9282CADA3}"
	ProjectSection(SolutionItems) = preProject
		.nuget\NuGet.Config = .nuget\NuGet.Config
		.nuget\NuGet.exe = .nuget\NuGet.exe
		.nuget\NuGet.targets = .nuget\NuGet.targets
	EndProjectSection
EndProject
Project("{9A19103F-16F7-4668-BE54-9A1E7A4F7556}") = "Bonsai.Tld", "Bonsai.Tld\Bonsai.Tld.csproj", "{D9D7C7A1-013F-41B3-8838-C97E8B930BA5}"
EndProject
Project("{2150E333-8FDC-42A3-9474-1A3956D46DE8}") = "Solution Items", "Solution Items", "{30CFF7B8-495C-4C90-AB43-B195DDD81B76}"
	ProjectSection(SolutionItems) = preProject
		Directory.Build.props = Directory.Build.props
	EndProjectSection
EndProject
Global
	GlobalSection(SolutionConfigurationPlatforms) = preSolution
		Debug|Any CPU = Debug|Any CPU
		Debug|Mixed Platforms = Debug|Mixed Platforms
		Debug|Win32 = Debug|Win32
		Debug|x64 = Debug|x64
		Release|Any CPU = Release|Any CPU
		Release|Mixed Platforms = Release|Mixed Platforms
		Release|Win32 = Release|Win32
		Release|x64 = Release|x64
	EndGlobalSection
	GlobalSection(ProjectConfigurationPlatforms) = postSolution
		{D0E28EB0-D56D-42F2-B2A5-5A3E3FC3968E}.Debug|Any CPU.ActiveCfg = Debug|Win32
		{D0E28EB0-D56D-42F2-B2A5-5A3E3FC3968E}.Debug|Mixed Platforms.ActiveCfg = Debug|Win32
		{D0E28EB0-D56D-42F2-B2A5-5A3E3FC3968E}.Debug|Mixed Platforms.Build.0 = Debug|Win32
		{D0E28EB0-D56D-42F2-B2A5-5A3E3FC3968E}.Debug|Win32.ActiveCfg = Debug|Win32
		{D0E28EB0-D56D-42F2-B2A5-5A3E3FC3968E}.Debug|Win32.Build.0 = Debug|Win32
		{D0E28EB0-D56D-42F2-B2A5-5A3E3FC3968E}.Debug|x64.ActiveCfg = Debug|x64
		{D0E28EB0-D56D-42F2-B2A5-5A3E3FC3968E}.Debug|x64.Build.0 = Debug|x64
		{D0E28EB0-D56D-42F2-B2A5-5A3E3FC3968E}.Release|Any CPU.ActiveCfg = Release|Win32
		{D0E28EB0-D56D-42F2-B2A5-5A3E3FC3968E}.Release|Any CPU.Build.0 = Release|Win32
		{D0E28EB0-D56D-42F2-B2A5-5A3E3FC3968E}.Release|Mixed Platforms.ActiveCfg = Release|Win32
		{D0E28EB0-D56D-42F2-B2A5-5A3E3FC3968E}.Release|Mixed Platforms.Build.0 = Release|Win32
		{D0E28EB0-D56D-42F2-B2A5-5A3E3FC3968E}.Release|Win32.ActiveCfg = Release|Win32
		{D0E28EB0-D56D-42F2-B2A5-5A3E3FC3968E}.Release|Win32.Build.0 = Release|Win32
		{D0E28EB0-D56D-42F2-B2A5-5A3E3FC3968E}.Release|x64.ActiveCfg = Release|x64
		{D0E28EB0-D56D-42F2-B2A5-5A3E3FC3968E}.Release|x64.Build.0 = Release|x64
		{D9D7C7A1-013F-41B3-8838-C97E8B930BA5}.Debug|Any CPU.ActiveCfg = Debug|Any CPU
		{D9D7C7A1-013F-41B3-8838-C97E8B930BA5}.Debug|Any CPU.Build.0 = Debug|Any CPU
		{D9D7C7A1-013F-41B3-8838-C97E8B930BA5}.Debug|Mixed Platforms.ActiveCfg = Debug|Any CPU
		{D9D7C7A1-013F-41B3-8838-C97E8B930BA5}.Debug|Mixed Platforms.Build.0 = Debug|Any CPU
		{D9D7C7A1-013F-41B3-8838-C97E8B930BA5}.Debug|Win32.ActiveCfg = Debug|Any CPU
		{D9D7C7A1-013F-41B3-8838-C97E8B930BA5}.Debug|x64.ActiveCfg = Debug|Any CPU
		{D9D7C7A1-013F-41B3-8838-C97E8B930BA5}.Release|Any CPU.ActiveCfg = Release|Any CPU
		{D9D7C7A1-013F-41B3-8838-C97E8B930BA5}.Release|Any CPU.Build.0 = Release|Any CPU
		{D9D7C7A1-013F-41B3-8838-C97E8B930BA5}.Release|Mixed Platforms.ActiveCfg = Release|Any CPU
		{D9D7C7A1-013F-41B3-8838-C97E8B930BA5}.Release|Mixed Platforms.Build.0 = Release|Any CPU
		{D9D7C7A1-013F-41B3-8838-C97E8B930BA5}.Release|Win32.ActiveCfg = Release|Any CPU
		{D9D7C7A1-013F-41B3-8838-C97E8B930BA5}.Release|x64.ActiveCfg = Release|Any CPU
	EndGlobalSection
	GlobalSection(SolutionProperties) = preSolution
		HideSolutionNode = FALSE
	EndGlobalSection
	GlobalSection(ExtensibilityGlobals) = postSolution
		SolutionGuid = {AE430465-B29E-461D-BBBD-9AFBF5351421}
	EndGlobalSection
EndGlobal
